
Microsoft Visual Studio Solution File, Format Version 12.00
# Visual Studio 15
VisualStudioVersion = 15.0.26621.2
MinimumVisualStudioVersion = 10.0.40219.1
Project("{9A19103F-16F7-4668-BE54-9A1E7A4F7556}") = "Server.DataAccess", "Server.DataAccess\Server.DataAccess.csproj", "{91267725-BDEE-4827-8F92-518C1AF4A840}"
EndProject
Project("{9A19103F-16F7-4668-BE54-9A1E7A4F7556}") = "Server.WebAPI", "Server.WebAPI\Server.WebAPI.csproj", "{70081657-C14E-4D83-9C67-C752B7B010E3}"
EndProject
Global
	GlobalSection(SolutionConfigurationPlatforms) = preSolution
		Debug|Any CPU = Debug|Any CPU
		Release|Any CPU = Release|Any CPU
	EndGlobalSection
	GlobalSection(ProjectConfigurationPlatforms) = postSolution
		{91267725-BDEE-4827-8F92-518C1AF4A840}.Debug|Any CPU.ActiveCfg = Debug|Any CPU
		{91267725-BDEE-4827-8F92-518C1AF4A840}.Debug|Any CPU.Build.0 = Debug|Any CPU
		{91267725-BDEE-4827-8F92-518C1AF4A840}.Release|Any CPU.ActiveCfg = Release|Any CPU
		{91267725-BDEE-4827-8F92-518C1AF4A840}.Release|Any CPU.Build.0 = Release|Any CPU
		{70081657-C14E-4D83-9C67-C752B7B010E3}.Debug|Any CPU.ActiveCfg = Debug|Any CPU
		{70081657-C14E-4D83-9C67-C752B7B010E3}.Debug|Any CPU.Build.0 = Debug|Any CPU
		{70081657-C14E-4D83-9C67-C752B7B010E3}.Release|Any CPU.ActiveCfg = Release|Any CPU
		{70081657-C14E-4D83-9C67-C752B7B010E3}.Release|Any CPU.Build.0 = Release|Any CPU
	EndGlobalSection
	GlobalSection(SolutionProperties) = preSolution
		HideSolutionNode = FALSE
	EndGlobalSection
	GlobalSection(ExtensibilityGlobals) = postSolution
		SolutionGuid = {924F3B10-98ED-4CA6-B1A5-825EB54D1D1F}
	EndGlobalSection
EndGlobal
