
Microsoft Visual Studio Solution File, Format Version 12.00
# Visual Studio 15
VisualStudioVersion = 15.0.26730.15
MinimumVisualStudioVersion = 10.0.40219.1
Project("{9A19103F-16F7-4668-BE54-9A1E7A4F7556}") = "Server.WebApi", "Server.WebApi\Server.WebApi.csproj", "{ED2DE9C3-1C14-4C37-A513-3E409A456B33}"
EndProject
Project("{9A19103F-16F7-4668-BE54-9A1E7A4F7556}") = "Server.DataAccess", "Server.DataAccess\Server.DataAccess.csproj", "{2B114AFB-A225-435A-962C-502BFE66B1F3}"
EndProject
Project("{FAE04EC0-301F-11D3-BF4B-00C04F79EFBC}") = "Client.Desktop", "Client.Desktop\Client.Desktop.csproj", "{A356AB81-E9BB-42C9-B70D-CF32FAA9B977}"
EndProject
Global
	GlobalSection(SolutionConfigurationPlatforms) = preSolution
		Ad-Hoc|Any CPU = Ad-Hoc|Any CPU
		Ad-Hoc|iPhone = Ad-Hoc|iPhone
		Ad-Hoc|iPhoneSimulator = Ad-Hoc|iPhoneSimulator
		AppStore|Any CPU = AppStore|Any CPU
		AppStore|iPhone = AppStore|iPhone
		AppStore|iPhoneSimulator = AppStore|iPhoneSimulator
		Debug|Any CPU = Debug|Any CPU
		Debug|iPhone = Debug|iPhone
		Debug|iPhoneSimulator = Debug|iPhoneSimulator
		Release|Any CPU = Release|Any CPU
		Release|iPhone = Release|iPhone
		Release|iPhoneSimulator = Release|iPhoneSimulator
	EndGlobalSection
	GlobalSection(ProjectConfigurationPlatforms) = postSolution
		{ED2DE9C3-1C14-4C37-A513-3E409A456B33}.Ad-Hoc|Any CPU.ActiveCfg = Release|Any CPU
		{ED2DE9C3-1C14-4C37-A513-3E409A456B33}.Ad-Hoc|Any CPU.Build.0 = Release|Any CPU
		{ED2DE9C3-1C14-4C37-A513-3E409A456B33}.Ad-Hoc|iPhone.ActiveCfg = Release|Any CPU
		{ED2DE9C3-1C14-4C37-A513-3E409A456B33}.Ad-Hoc|iPhone.Build.0 = Release|Any CPU
		{ED2DE9C3-1C14-4C37-A513-3E409A456B33}.Ad-Hoc|iPhoneSimulator.ActiveCfg = Release|Any CPU
		{ED2DE9C3-1C14-4C37-A513-3E409A456B33}.Ad-Hoc|iPhoneSimulator.Build.0 = Release|Any CPU
		{ED2DE9C3-1C14-4C37-A513-3E409A456B33}.AppStore|Any CPU.ActiveCfg = Release|Any CPU
		{ED2DE9C3-1C14-4C37-A513-3E409A456B33}.AppStore|Any CPU.Build.0 = Release|Any CPU
		{ED2DE9C3-1C14-4C37-A513-3E409A456B33}.AppStore|iPhone.ActiveCfg = Release|Any CPU
		{ED2DE9C3-1C14-4C37-A513-3E409A456B33}.AppStore|iPhone.Build.0 = Release|Any CPU
		{ED2DE9C3-1C14-4C37-A513-3E409A456B33}.AppStore|iPhoneSimulator.ActiveCfg = Release|Any CPU
		{ED2DE9C3-1C14-4C37-A513-3E409A456B33}.AppStore|iPhoneSimulator.Build.0 = Release|Any CPU
		{ED2DE9C3-1C14-4C37-A513-3E409A456B33}.Debug|Any CPU.ActiveCfg = Debug|Any CPU
		{ED2DE9C3-1C14-4C37-A513-3E409A456B33}.Debug|Any CPU.Build.0 = Debug|Any CPU
		{ED2DE9C3-1C14-4C37-A513-3E409A456B33}.Debug|iPhone.ActiveCfg = Debug|Any CPU
		{ED2DE9C3-1C14-4C37-A513-3E409A456B33}.Debug|iPhone.Build.0 = Debug|Any CPU
		{ED2DE9C3-1C14-4C37-A513-3E409A456B33}.Debug|iPhoneSimulator.ActiveCfg = Debug|Any CPU
		{ED2DE9C3-1C14-4C37-A513-3E409A456B33}.Debug|iPhoneSimulator.Build.0 = Debug|Any CPU
		{ED2DE9C3-1C14-4C37-A513-3E409A456B33}.Release|Any CPU.ActiveCfg = Release|Any CPU
		{ED2DE9C3-1C14-4C37-A513-3E409A456B33}.Release|Any CPU.Build.0 = Release|Any CPU
		{ED2DE9C3-1C14-4C37-A513-3E409A456B33}.Release|iPhone.ActiveCfg = Release|Any CPU
		{ED2DE9C3-1C14-4C37-A513-3E409A456B33}.Release|iPhone.Build.0 = Release|Any CPU
		{ED2DE9C3-1C14-4C37-A513-3E409A456B33}.Release|iPhoneSimulator.ActiveCfg = Release|Any CPU
		{ED2DE9C3-1C14-4C37-A513-3E409A456B33}.Release|iPhoneSimulator.Build.0 = Release|Any CPU
		{2B114AFB-A225-435A-962C-502BFE66B1F3}.Ad-Hoc|Any CPU.ActiveCfg = Release|Any CPU
		{2B114AFB-A225-435A-962C-502BFE66B1F3}.Ad-Hoc|Any CPU.Build.0 = Release|Any CPU
		{2B114AFB-A225-435A-962C-502BFE66B1F3}.Ad-Hoc|iPhone.ActiveCfg = Release|Any CPU
		{2B114AFB-A225-435A-962C-502BFE66B1F3}.Ad-Hoc|iPhone.Build.0 = Release|Any CPU
		{2B114AFB-A225-435A-962C-502BFE66B1F3}.Ad-Hoc|iPhoneSimulator.ActiveCfg = Release|Any CPU
		{2B114AFB-A225-435A-962C-502BFE66B1F3}.Ad-Hoc|iPhoneSimulator.Build.0 = Release|Any CPU
		{2B114AFB-A225-435A-962C-502BFE66B1F3}.AppStore|Any CPU.ActiveCfg = Release|Any CPU
		{2B114AFB-A225-435A-962C-502BFE66B1F3}.AppStore|Any CPU.Build.0 = Release|Any CPU
		{2B114AFB-A225-435A-962C-502BFE66B1F3}.AppStore|iPhone.ActiveCfg = Release|Any CPU
		{2B114AFB-A225-435A-962C-502BFE66B1F3}.AppStore|iPhone.Build.0 = Release|Any CPU
		{2B114AFB-A225-435A-962C-502BFE66B1F3}.AppStore|iPhoneSimulator.ActiveCfg = Release|Any CPU
		{2B114AFB-A225-435A-962C-502BFE66B1F3}.AppStore|iPhoneSimulator.Build.0 = Release|Any CPU
		{2B114AFB-A225-435A-962C-502BFE66B1F3}.Debug|Any CPU.ActiveCfg = Debug|Any CPU
		{2B114AFB-A225-435A-962C-502BFE66B1F3}.Debug|Any CPU.Build.0 = Debug|Any CPU
		{2B114AFB-A225-435A-962C-502BFE66B1F3}.Debug|iPhone.ActiveCfg = Debug|Any CPU
		{2B114AFB-A225-435A-962C-502BFE66B1F3}.Debug|iPhone.Build.0 = Debug|Any CPU
		{2B114AFB-A225-435A-962C-502BFE66B1F3}.Debug|iPhoneSimulator.ActiveCfg = Debug|Any CPU
		{2B114AFB-A225-435A-962C-502BFE66B1F3}.Debug|iPhoneSimulator.Build.0 = Debug|Any CPU
		{2B114AFB-A225-435A-962C-502BFE66B1F3}.Release|Any CPU.ActiveCfg = Release|Any CPU
		{2B114AFB-A225-435A-962C-502BFE66B1F3}.Release|Any CPU.Build.0 = Release|Any CPU
		{2B114AFB-A225-435A-962C-502BFE66B1F3}.Release|iPhone.ActiveCfg = Release|Any CPU
		{2B114AFB-A225-435A-962C-502BFE66B1F3}.Release|iPhone.Build.0 = Release|Any CPU
		{2B114AFB-A225-435A-962C-502BFE66B1F3}.Release|iPhoneSimulator.ActiveCfg = Release|Any CPU
		{2B114AFB-A225-435A-962C-502BFE66B1F3}.Release|iPhoneSimulator.Build.0 = Release|Any CPU
		{A356AB81-E9BB-42C9-B70D-CF32FAA9B977}.Ad-Hoc|Any CPU.ActiveCfg = Release|Any CPU
		{A356AB81-E9BB-42C9-B70D-CF32FAA9B977}.Ad-Hoc|Any CPU.Build.0 = Release|Any CPU
		{A356AB81-E9BB-42C9-B70D-CF32FAA9B977}.Ad-Hoc|iPhone.ActiveCfg = Release|Any CPU
		{A356AB81-E9BB-42C9-B70D-CF32FAA9B977}.Ad-Hoc|iPhone.Build.0 = Release|Any CPU
		{A356AB81-E9BB-42C9-B70D-CF32FAA9B977}.Ad-Hoc|iPhoneSimulator.ActiveCfg = Release|Any CPU
		{A356AB81-E9BB-42C9-B70D-CF32FAA9B977}.Ad-Hoc|iPhoneSimulator.Build.0 = Release|Any CPU
		{A356AB81-E9BB-42C9-B70D-CF32FAA9B977}.AppStore|Any CPU.ActiveCfg = Release|Any CPU
		{A356AB81-E9BB-42C9-B70D-CF32FAA9B977}.AppStore|Any CPU.Build.0 = Release|Any CPU
		{A356AB81-E9BB-42C9-B70D-CF32FAA9B977}.AppStore|iPhone.ActiveCfg = Release|Any CPU
		{A356AB81-E9BB-42C9-B70D-CF32FAA9B977}.AppStore|iPhone.Build.0 = Release|Any CPU
		{A356AB81-E9BB-42C9-B70D-CF32FAA9B977}.AppStore|iPhoneSimulator.ActiveCfg = Release|Any CPU
		{A356AB81-E9BB-42C9-B70D-CF32FAA9B977}.AppStore|iPhoneSimulator.Build.0 = Release|Any CPU
		{A356AB81-E9BB-42C9-B70D-CF32FAA9B977}.Debug|Any CPU.ActiveCfg = Debug|Any CPU
		{A356AB81-E9BB-42C9-B70D-CF32FAA9B977}.Debug|Any CPU.Build.0 = Debug|Any CPU
		{A356AB81-E9BB-42C9-B70D-CF32FAA9B977}.Debug|iPhone.ActiveCfg = Debug|Any CPU
		{A356AB81-E9BB-42C9-B70D-CF32FAA9B977}.Debug|iPhone.Build.0 = Debug|Any CPU
		{A356AB81-E9BB-42C9-B70D-CF32FAA9B977}.Debug|iPhoneSimulator.ActiveCfg = Debug|Any CPU
		{A356AB81-E9BB-42C9-B70D-CF32FAA9B977}.Debug|iPhoneSimulator.Build.0 = Debug|Any CPU
		{A356AB81-E9BB-42C9-B70D-CF32FAA9B977}.Release|Any CPU.ActiveCfg = Release|Any CPU
		{A356AB81-E9BB-42C9-B70D-CF32FAA9B977}.Release|Any CPU.Build.0 = Release|Any CPU
		{A356AB81-E9BB-42C9-B70D-CF32FAA9B977}.Release|iPhone.ActiveCfg = Release|Any CPU
		{A356AB81-E9BB-42C9-B70D-CF32FAA9B977}.Release|iPhone.Build.0 = Release|Any CPU
		{A356AB81-E9BB-42C9-B70D-CF32FAA9B977}.Release|iPhoneSimulator.ActiveCfg = Release|Any CPU
		{A356AB81-E9BB-42C9-B70D-CF32FAA9B977}.Release|iPhoneSimulator.Build.0 = Release|Any CPU
	EndGlobalSection
	GlobalSection(SolutionProperties) = preSolution
		HideSolutionNode = FALSE
	EndGlobalSection
	GlobalSection(ExtensibilityGlobals) = postSolution
		SolutionGuid = {7948F22B-119F-42CE-B601-F16C9BE4DCEA}
	EndGlobalSection
EndGlobal
